covid-19
github-anniversary-5
polite-coder
my-badges-contributor
self-star
this-is-fine
pr-collaboration-5
the-ultimate-question
old-issue-1
github-anniversary-10
public-keys-5
a-commit
ab-commit
abc-commit
alien-day
chore-commit
cosmetic-commit
delorean
epic-commit
favorite-word
fix-2
fix-3
fix-4
fix-6
friday-13
mass-delete-commit
mass-delete-commit-10k
may-the-4th
pi-day
programmers-day
science-fiction-day
spooky-commit
st-patricks-day
stars-100
sleepy-coder
morning-commits
evening-commits
midnight-commits
